// !$*UTF8*$!
{
	archiveVersion = 1;
	classes = {
	};
	objectVersion = 56;
	objects = {

/* Begin PBXBuildFile section */
		A4535DDD2B761BE3003C657C /* MovieBookingApp.swift in Sources */ = {isa = PBXBuildFile; fileRef = A4535DDC2B761BE3003C657C /* MovieBookingApp.swift */; };
		A4535DDF2B761BE3003C657C /* ContentView.swift in Sources */ = {isa = PBXBuildFile; fileRef = A4535DDE2B761BE3003C657C /* ContentView.swift */; };
		A4535DE12B761BE5003C657C /* Assets.xcassets in Resources */ = {isa = PBXBuildFile; fileRef = A4535DE02B761BE5003C657C /* Assets.xcassets */; };
		A4535DE42B761BE5003C657C /* Preview Assets.xcassets in Resources */ = {isa = PBXBuildFile; fileRef = A4535DE32B761BE5003C657C /* Preview Assets.xcassets */; };
		A46BD2542B7CF99D00B2D172 /* Movie.swift in Sources */ = {isa = PBXBuildFile; fileRef = A46BD2532B7CF99D00B2D172 /* Movie.swift */; };
		A46BD2592B7CFA8C00B2D172 /* MovieDetail.swift in Sources */ = {isa = PBXBuildFile; fileRef = A46BD2582B7CFA8C00B2D172 /* MovieDetail.swift */; };
		A4C4B1E12B7F333700DC4D00 /* Theater.swift in Sources */ = {isa = PBXBuildFile; fileRef = A4C4B1E02B7F333600DC4D00 /* Theater.swift */; };
		A4C4B1E32B7F33B600DC4D00 /* TheaterListViewModel.swift in Sources */ = {isa = PBXBuildFile; fileRef = A4C4B1E22B7F33B600DC4D00 /* TheaterListViewModel.swift */; };
		A4C4B1E52B7F362700DC4D00 /* TheaterListView.swift in Sources */ = {isa = PBXBuildFile; fileRef = A4C4B1E42B7F362700DC4D00 /* TheaterListView.swift */; };
		A4C4B1E72B807EEA00DC4D00 /* TheaterView.swift in Sources */ = {isa = PBXBuildFile; fileRef = A4C4B1E62B807EEA00DC4D00 /* TheaterView.swift */; };
		A4C4B1E92B81FFA700DC4D00 /* BookingView.swift in Sources */ = {isa = PBXBuildFile; fileRef = A4C4B1E82B81FFA600DC4D00 /* BookingView.swift */; };
		A4C4B1EB2B8213D800DC4D00 /* BookingDetail.swift in Sources */ = {isa = PBXBuildFile; fileRef = A4C4B1EA2B8213D800DC4D00 /* BookingDetail.swift */; };
		A4C4B1ED2B834B6000DC4D00 /* Date.swift in Sources */ = {isa = PBXBuildFile; fileRef = A4C4B1EC2B834B6000DC4D00 /* Date.swift */; };
		A4C4B1EF2B8357FD00DC4D00 /* BookingDetailViewModel.swift in Sources */ = {isa = PBXBuildFile; fileRef = A4C4B1EE2B8357FD00DC4D00 /* BookingDetailViewModel.swift */; };
		A4C4B1F42B8496F800DC4D00 /* User.swift in Sources */ = {isa = PBXBuildFile; fileRef = A4C4B1F32B8496F800DC4D00 /* User.swift */; };
		A4C4B1F62B84975900DC4D00 /* UsersViewModel.swift in Sources */ = {isa = PBXBuildFile; fileRef = A4C4B1F52B84975900DC4D00 /* UsersViewModel.swift */; };
		A4C4B1F82B84996B00DC4D00 /* UserView.swift in Sources */ = {isa = PBXBuildFile; fileRef = A4C4B1F72B84996B00DC4D00 /* UserView.swift */; };
		A4C4B1FA2B849E9A00DC4D00 /* RegisterView.swift in Sources */ = {isa = PBXBuildFile; fileRef = A4C4B1F92B849E9A00DC4D00 /* RegisterView.swift */; };
		A4C4B1FD2B85FFF800DC4D00 /* UserManager.swift in Sources */ = {isa = PBXBuildFile; fileRef = A4C4B1FC2B85FFF600DC4D00 /* UserManager.swift */; };
		A4C4B1FF2B862A0D00DC4D00 /* LoginView.swift in Sources */ = {isa = PBXBuildFile; fileRef = A4C4B1FE2B862A0D00DC4D00 /* LoginView.swift */; };
		A4CBF4B62B7CFBC1001C64D2 /* APIService.swift in Sources */ = {isa = PBXBuildFile; fileRef = A4CBF4B52B7CFBC1001C64D2 /* APIService.swift */; };
		A4CBF4B82B7CFC60001C64D2 /* MoviesListViewModel.swift in Sources */ = {isa = PBXBuildFile; fileRef = A4CBF4B72B7CFC60001C64D2 /* MoviesListViewModel.swift */; };
		A4CBF4BA2B7CFD27001C64D2 /* HomeView.swift in Sources */ = {isa = PBXBuildFile; fileRef = A4CBF4B92B7CFD27001C64D2 /* HomeView.swift */; };
		A4CBF4BC2B7CFD33001C64D2 /* Utils.swift in Sources */ = {isa = PBXBuildFile; fileRef = A4CBF4BB2B7CFD33001C64D2 /* Utils.swift */; };
		A4CBF4BE2B7CFD42001C64D2 /* ExampleData.swift in Sources */ = {isa = PBXBuildFile; fileRef = A4CBF4BD2B7CFD42001C64D2 /* ExampleData.swift */; };
		A4CBF4C02B7CFE54001C64D2 /* PosterView.swift in Sources */ = {isa = PBXBuildFile; fileRef = A4CBF4BF2B7CFE54001C64D2 /* PosterView.swift */; };
		A4CBF4C22B7CFFA0001C64D2 /* Constants.swift in Sources */ = {isa = PBXBuildFile; fileRef = A4CBF4C12B7CFFA0001C64D2 /* Constants.swift */; };
		A4CBF4C52B7D00FA001C64D2 /* UIScreen.swift in Sources */ = {isa = PBXBuildFile; fileRef = A4CBF4C42B7D00FA001C64D2 /* UIScreen.swift */; };
		A4CBF4C72B7D0984001C64D2 /* MoviesListView.swift in Sources */ = {isa = PBXBuildFile; fileRef = A4CBF4C62B7D0984001C64D2 /* MoviesListView.swift */; };
		A4CBF4C92B7D221C001C64D2 /* AllMovieView.swift in Sources */ = {isa = PBXBuildFile; fileRef = A4CBF4C82B7D221C001C64D2 /* AllMovieView.swift */; };
		A4CBF4CB2B7DC95C001C64D2 /* MovieSliderView.swift in Sources */ = {isa = PBXBuildFile; fileRef = A4CBF4CA2B7DC95B001C64D2 /* MovieSliderView.swift */; };
		A4CBF4CF2B7E14E4001C64D2 /* MovieDetailView.swift in Sources */ = {isa = PBXBuildFile; fileRef = A4CBF4CE2B7E14E4001C64D2 /* MovieDetailView.swift */; };
		A4CBF4D12B7E158A001C64D2 /* MovieDetailViewModel.swift in Sources */ = {isa = PBXBuildFile; fileRef = A4CBF4D02B7E158A001C64D2 /* MovieDetailViewModel.swift */; };
		A4CBF4D32B7E345D001C64D2 /* Images.swift in Sources */ = {isa = PBXBuildFile; fileRef = A4CBF4D22B7E345D001C64D2 /* Images.swift */; };
		A4CBF4D52B7E34B5001C64D2 /* ImageListView.swift in Sources */ = {isa = PBXBuildFile; fileRef = A4CBF4D42B7E34B5001C64D2 /* ImageListView.swift */; };
		A4CBF4D72B7E34D3001C64D2 /* ImagesListViewModel.swift in Sources */ = {isa = PBXBuildFile; fileRef = A4CBF4D62B7E34D3001C64D2 /* ImagesListViewModel.swift */; };
		A4CBF4D92B7E6F5B001C64D2 /* Cast.swift in Sources */ = {isa = PBXBuildFile; fileRef = A4CBF4D82B7E6F5B001C64D2 /* Cast.swift */; };
		A4CBF4DB2B7E6FC0001C64D2 /* CastListViewModel.swift in Sources */ = {isa = PBXBuildFile; fileRef = A4CBF4DA2B7E6FC0001C64D2 /* CastListViewModel.swift */; };
		A4CBF4DD2B7E702E001C64D2 /* CastListView.swift in Sources */ = {isa = PBXBuildFile; fileRef = A4CBF4DC2B7E702E001C64D2 /* CastListView.swift */; };
/* End PBXBuildFile section */

/* Begin PBXFileReference section */
		A4535DD92B761BE3003C657C /* MovieBooking.app */ = {isa = PBXFileReference; explicitFileType = wrapper.application; includeInIndex = 0; path = MovieBooking.app; sourceTree = BUILT_PRODUCTS_DIR; };
		A4535DDC2B761BE3003C657C /* MovieBookingApp.swift */ = {isa = PBXFileReference; lastKnownFileType = sourcecode.swift; path = MovieBookingApp.swift; sourceTree = "<group>"; };
		A4535DDE2B761BE3003C657C /* ContentView.swift */ = {isa = PBXFileReference; lastKnownFileType = sourcecode.swift; path = ContentView.swift; sourceTree = "<group>"; };
		A4535DE02B761BE5003C657C /* Assets.xcassets */ = {isa = PBXFileReference; lastKnownFileType = folder.assetcatalog; path = Assets.xcassets; sourceTree = "<group>"; };
		A4535DE32B761BE5003C657C /* Preview Assets.xcassets */ = {isa = PBXFileReference; lastKnownFileType = folder.assetcatalog; path = "Preview Assets.xcassets"; sourceTree = "<group>"; };
		A46BD2532B7CF99D00B2D172 /* Movie.swift */ = {isa = PBXFileReference; lastKnownFileType = sourcecode.swift; path = Movie.swift; sourceTree = "<group>"; };
		A46BD2582B7CFA8C00B2D172 /* MovieDetail.swift */ = {isa = PBXFileReference; lastKnownFileType = sourcecode.swift; path = MovieDetail.swift; sourceTree = "<group>"; };
		A4C4B1E02B7F333600DC4D00 /* Theater.swift */ = {isa = PBXFileReference; lastKnownFileType = sourcecode.swift; path = Theater.swift; sourceTree = "<group>"; };
		A4C4B1E22B7F33B600DC4D00 /* TheaterListViewModel.swift */ = {isa = PBXFileReference; lastKnownFileType = sourcecode.swift; path = TheaterListViewModel.swift; sourceTree = "<group>"; };
		A4C4B1E42B7F362700DC4D00 /* TheaterListView.swift */ = {isa = PBXFileReference; lastKnownFileType = sourcecode.swift; path = TheaterListView.swift; sourceTree = "<group>"; };
		A4C4B1E62B807EEA00DC4D00 /* TheaterView.swift */ = {isa = PBXFileReference; lastKnownFileType = sourcecode.swift; path = TheaterView.swift; sourceTree = "<group>"; };
		A4C4B1E82B81FFA600DC4D00 /* BookingView.swift */ = {isa = PBXFileReference; lastKnownFileType = sourcecode.swift; path = BookingView.swift; sourceTree = "<group>"; };
		A4C4B1EA2B8213D800DC4D00 /* BookingDetail.swift */ = {isa = PBXFileReference; lastKnownFileType = sourcecode.swift; path = BookingDetail.swift; sourceTree = "<group>"; };
		A4C4B1EC2B834B6000DC4D00 /* Date.swift */ = {isa = PBXFileReference; lastKnownFileType = sourcecode.swift; path = Date.swift; sourceTree = "<group>"; };
		A4C4B1EE2B8357FD00DC4D00 /* BookingDetailViewModel.swift */ = {isa = PBXFileReference; lastKnownFileType = sourcecode.swift; path = BookingDetailViewModel.swift; sourceTree = "<group>"; };
		A4C4B1F32B8496F800DC4D00 /* User.swift */ = {isa = PBXFileReference; lastKnownFileType = sourcecode.swift; path = User.swift; sourceTree = "<group>"; };
		A4C4B1F52B84975900DC4D00 /* UsersViewModel.swift */ = {isa = PBXFileReference; lastKnownFileType = sourcecode.swift; path = UsersViewModel.swift; sourceTree = "<group>"; };
		A4C4B1F72B84996B00DC4D00 /* UserView.swift */ = {isa = PBXFileReference; lastKnownFileType = sourcecode.swift; path = UserView.swift; sourceTree = "<group>"; };
		A4C4B1F92B849E9A00DC4D00 /* RegisterView.swift */ = {isa = PBXFileReference; lastKnownFileType = sourcecode.swift; path = RegisterView.swift; sourceTree = "<group>"; };
		A4C4B1FC2B85FFF600DC4D00 /* UserManager.swift */ = {isa = PBXFileReference; lastKnownFileType = sourcecode.swift; path = UserManager.swift; sourceTree = "<group>"; };
		A4C4B1FE2B862A0D00DC4D00 /* LoginView.swift */ = {isa = PBXFileReference; lastKnownFileType = sourcecode.swift; path = LoginView.swift; sourceTree = "<group>"; };
		A4CBF4B52B7CFBC1001C64D2 /* APIService.swift */ = {isa = PBXFileReference; lastKnownFileType = sourcecode.swift; path = APIService.swift; sourceTree = "<group>"; };
		A4CBF4B72B7CFC60001C64D2 /* MoviesListViewModel.swift */ = {isa = PBXFileReference; lastKnownFileType = sourcecode.swift; path = MoviesListViewModel.swift; sourceTree = "<group>"; };
		A4CBF4B92B7CFD27001C64D2 /* HomeView.swift */ = {isa = PBXFileReference; lastKnownFileType = sourcecode.swift; path = HomeView.swift; sourceTree = "<group>"; };
		A4CBF4BB2B7CFD33001C64D2 /* Utils.swift */ = {isa = PBXFileReference; lastKnownFileType = sourcecode.swift; path = Utils.swift; sourceTree = "<group>"; };
		A4CBF4BD2B7CFD42001C64D2 /* ExampleData.swift */ = {isa = PBXFileReference; lastKnownFileType = sourcecode.swift; path = ExampleData.swift; sourceTree = "<group>"; };
		A4CBF4BF2B7CFE54001C64D2 /* PosterView.swift */ = {isa = PBXFileReference; lastKnownFileType = sourcecode.swift; path = PosterView.swift; sourceTree = "<group>"; };
		A4CBF4C12B7CFFA0001C64D2 /* Constants.swift */ = {isa = PBXFileReference; lastKnownFileType = sourcecode.swift; path = Constants.swift; sourceTree = "<group>"; };
		A4CBF4C42B7D00FA001C64D2 /* UIScreen.swift */ = {isa = PBXFileReference; lastKnownFileType = sourcecode.swift; path = UIScreen.swift; sourceTree = "<group>"; };
		A4CBF4C62B7D0984001C64D2 /* MoviesListView.swift */ = {isa = PBXFileReference; lastKnownFileType = sourcecode.swift; path = MoviesListView.swift; sourceTree = "<group>"; };
		A4CBF4C82B7D221C001C64D2 /* AllMovieView.swift */ = {isa = PBXFileReference; lastKnownFileType = sourcecode.swift; path = AllMovieView.swift; sourceTree = "<group>"; };
		A4CBF4CA2B7DC95B001C64D2 /* MovieSliderView.swift */ = {isa = PBXFileReference; lastKnownFileType = sourcecode.swift; path = MovieSliderView.swift; sourceTree = "<group>"; };
		A4CBF4CE2B7E14E4001C64D2 /* MovieDetailView.swift */ = {isa = PBXFileReference; lastKnownFileType = sourcecode.swift; path = MovieDetailView.swift; sourceTree = "<group>"; };
		A4CBF4D02B7E158A001C64D2 /* MovieDetailViewModel.swift */ = {isa = PBXFileReference; lastKnownFileType = sourcecode.swift; path = MovieDetailViewModel.swift; sourceTree = "<group>"; };
		A4CBF4D22B7E345D001C64D2 /* Images.swift */ = {isa = PBXFileReference; lastKnownFileType = sourcecode.swift; path = Images.swift; sourceTree = "<group>"; };
		A4CBF4D42B7E34B5001C64D2 /* ImageListView.swift */ = {isa = PBXFileReference; lastKnownFileType = sourcecode.swift; path = ImageListView.swift; sourceTree = "<group>"; };
		A4CBF4D62B7E34D3001C64D2 /* ImagesListViewModel.swift */ = {isa = PBXFileReference; lastKnownFileType = sourcecode.swift; path = ImagesListViewModel.swift; sourceTree = "<group>"; };
		A4CBF4D82B7E6F5B001C64D2 /* Cast.swift */ = {isa = PBXFileReference; lastKnownFileType = sourcecode.swift; path = Cast.swift; sourceTree = "<group>"; };
		A4CBF4DA2B7E6FC0001C64D2 /* CastListViewModel.swift */ = {isa = PBXFileReference; lastKnownFileType = sourcecode.swift; path = CastListViewModel.swift; sourceTree = "<group>"; };
		A4CBF4DC2B7E702E001C64D2 /* CastListView.swift */ = {isa = PBXFileReference; lastKnownFileType = sourcecode.swift; path = CastListView.swift; sourceTree = "<group>"; };
/* End PBXFileReference section */

/* Begin PBXFrameworksBuildPhase section */
		A4535DD62B761BE3003C657C /* Frameworks */ = {
			isa = PBXFrameworksBuildPhase;
			buildActionMask = 2147483647;
			files = (
			);
			runOnlyForDeploymentPostprocessing = 0;
		};
/* End PBXFrameworksBuildPhase section */

/* Begin PBXGroup section */
		A4535DD02B761BE3003C657C = {
			isa = PBXGroup;
			children = (
				A4535DDB2B761BE3003C657C /* MovieBooking */,
				A4535DDA2B761BE3003C657C /* Products */,
			);
			sourceTree = "<group>";
		};
		A4535DDA2B761BE3003C657C /* Products */ = {
			isa = PBXGroup;
			children = (
				A4535DD92B761BE3003C657C /* MovieBooking.app */,
			);
			name = Products;
			sourceTree = "<group>";
		};
		A4535DDB2B761BE3003C657C /* MovieBooking */ = {
			isa = PBXGroup;
			children = (
				A4CBF4B22B7CFB9E001C64D2 /* API */,
				A4535DE02B761BE5003C657C /* Assets.xcassets */,
				A4CBF4C32B7D00E3001C64D2 /* Extensions */,
				A4CBF4B32B7CFBAD001C64D2 /* Helper */,
				A46BD2552B7CFA0600B2D172 /* Models */,
				A4535DDC2B761BE3003C657C /* MovieBookingApp.swift */,
				A4535DE22B761BE5003C657C /* Preview Content */,
				A46BD2562B7CFA0F00B2D172 /* ViewModels */,
				A46BD2572B7CFA1700B2D172 /* Views */,
			);
			path = MovieBooking;
			sourceTree = "<group>";
		};
		A4535DE22B761BE5003C657C /* Preview Content */ = {
			isa = PBXGroup;
			children = (
				A4535DE32B761BE5003C657C /* Preview Assets.xcassets */,
			);
			path = "Preview Content";
			sourceTree = "<group>";
		};
		A46BD2552B7CFA0600B2D172 /* Models */ = {
			isa = PBXGroup;
			children = (
				A4C4B1EA2B8213D800DC4D00 /* BookingDetail.swift */,
				A4CBF4D82B7E6F5B001C64D2 /* Cast.swift */,
				A4C4B1F32B8496F800DC4D00 /* User.swift */,
				A4CBF4D22B7E345D001C64D2 /* Images.swift */,
				A46BD2532B7CF99D00B2D172 /* Movie.swift */,
				A46BD2582B7CFA8C00B2D172 /* MovieDetail.swift */,
				A4C4B1E02B7F333600DC4D00 /* Theater.swift */,
			);
			path = Models;
			sourceTree = "<group>";
		};
		A46BD2562B7CFA0F00B2D172 /* ViewModels */ = {
			isa = PBXGroup;
			children = (
				A4C4B1EE2B8357FD00DC4D00 /* BookingDetailViewModel.swift */,
				A4C4B1FC2B85FFF600DC4D00 /* UserManager.swift */,
				A4C4B1F52B84975900DC4D00 /* UsersViewModel.swift */,
				A4CBF4DA2B7E6FC0001C64D2 /* CastListViewModel.swift */,
				A4CBF4D62B7E34D3001C64D2 /* ImagesListViewModel.swift */,
				A4CBF4D02B7E158A001C64D2 /* MovieDetailViewModel.swift */,
				A4CBF4B72B7CFC60001C64D2 /* MoviesListViewModel.swift */,
				A4C4B1E22B7F33B600DC4D00 /* TheaterListViewModel.swift */,
			);
			path = ViewModels;
			sourceTree = "<group>";
		};
		A46BD2572B7CFA1700B2D172 /* Views */ = {
			isa = PBXGroup;
			children = (
				A4C4B1E82B81FFA600DC4D00 /* BookingView.swift */,
				A4CBF4DC2B7E702E001C64D2 /* CastListView.swift */,
				A4535DDE2B761BE3003C657C /* ContentView.swift */,
				A4CBF4B92B7CFD27001C64D2 /* HomeView.swift */,
				A4C4B1F02B83D3D300DC4D00 /* Movie */,
				A4C4B1F12B83D3DA00DC4D00 /* Theater */,
				A4C4B1FB2B849EA500DC4D00 /* User */,
			);
			path = Views;
			sourceTree = "<group>";
		};
		A4C4B1F02B83D3D300DC4D00 /* Movie */ = {
			isa = PBXGroup;
			children = (
				A4CBF4C82B7D221C001C64D2 /* AllMovieView.swift */,
				A4CBF4D42B7E34B5001C64D2 /* ImageListView.swift */,
				A4CBF4CE2B7E14E4001C64D2 /* MovieDetailView.swift */,
				A4CBF4CA2B7DC95B001C64D2 /* MovieSliderView.swift */,
				A4CBF4C62B7D0984001C64D2 /* MoviesListView.swift */,
				A4CBF4BF2B7CFE54001C64D2 /* PosterView.swift */,
			);
			path = Movie;
			sourceTree = "<group>";
		};
		A4C4B1F12B83D3DA00DC4D00 /* Theater */ = {
			isa = PBXGroup;
			children = (
				A4C4B1E42B7F362700DC4D00 /* TheaterListView.swift */,
				A4C4B1E62B807EEA00DC4D00 /* TheaterView.swift */,
			);
			path = Theater;
			sourceTree = "<group>";
		};
		A4C4B1FB2B849EA500DC4D00 /* User */ = {
			isa = PBXGroup;
			children = (
				A4C4B1F92B849E9A00DC4D00 /* RegisterView.swift */,
				A4C4B1F72B84996B00DC4D00 /* UserView.swift */,
				A4C4B1FE2B862A0D00DC4D00 /* LoginView.swift */,
			);
			path = User;
			sourceTree = "<group>";
		};
		A4CBF4B22B7CFB9E001C64D2 /* API */ = {
			isa = PBXGroup;
			children = (
				A4CBF4B52B7CFBC1001C64D2 /* APIService.swift */,
			);
			path = API;
			sourceTree = "<group>";
		};
		A4CBF4B32B7CFBAD001C64D2 /* Helper */ = {
			isa = PBXGroup;
			children = (
				A4CBF4C12B7CFFA0001C64D2 /* Constants.swift */,
				A4CBF4BD2B7CFD42001C64D2 /* ExampleData.swift */,
				A4CBF4BB2B7CFD33001C64D2 /* Utils.swift */,
			);
			path = Helper;
			sourceTree = "<group>";
		};
		A4CBF4C32B7D00E3001C64D2 /* Extensions */ = {
			isa = PBXGroup;
			children = (
				A4C4B1EC2B834B6000DC4D00 /* Date.swift */,
				A4CBF4C42B7D00FA001C64D2 /* UIScreen.swift */,
			);
			path = Extensions;
			sourceTree = "<group>";
		};
/* End PBXGroup section */

/* Begin PBXNativeTarget section */
		A4535DD82B761BE3003C657C /* MovieBooking */ = {
			isa = PBXNativeTarget;
			buildConfigurationList = A4535DE72B761BE5003C657C /* Build configuration list for PBXNativeTarget "MovieBooking" */;
			buildPhases = (
				A4535DD52B761BE3003C657C /* Sources */,
				A4535DD62B761BE3003C657C /* Frameworks */,
				A4535DD72B761BE3003C657C /* Resources */,
			);
			buildRules = (
			);
			dependencies = (
			);
			name = MovieBooking;
			productName = MovieBooking;
			productReference = A4535DD92B761BE3003C657C /* MovieBooking.app */;
			productType = "com.apple.product-type.application";
		};
/* End PBXNativeTarget section */

/* Begin PBXProject section */
		A4535DD12B761BE3003C657C /* Project object */ = {
			isa = PBXProject;
			attributes = {
				BuildIndependentTargetsInParallel = 1;
				LastSwiftUpdateCheck = 1420;
				LastUpgradeCheck = 1420;
				TargetAttributes = {
					A4535DD82B761BE3003C657C = {
						CreatedOnToolsVersion = 14.2;
					};
				};
			};
			buildConfigurationList = A4535DD42B761BE3003C657C /* Build configuration list for PBXProject "MovieBooking" */;
			compatibilityVersion = "Xcode 14.0";
			developmentRegion = en;
			hasScannedForEncodings = 0;
			knownRegions = (
				en,
				Base,
			);
			mainGroup = A4535DD02B761BE3003C657C;
			productRefGroup = A4535DDA2B761BE3003C657C /* Products */;
			projectDirPath = "";
			projectRoot = "";
			targets = (
				A4535DD82B761BE3003C657C /* MovieBooking */,
			);
		};
/* End PBXProject section */

/* Begin PBXResourcesBuildPhase section */
		A4535DD72B761BE3003C657C /* Resources */ = {
			isa = PBXResourcesBuildPhase;
			buildActionMask = 2147483647;
			files = (
				A4535DE42B761BE5003C657C /* Preview Assets.xcassets in Resources */,
				A4535DE12B761BE5003C657C /* Assets.xcassets in Resources */,
			);
			runOnlyForDeploymentPostprocessing = 0;
		};
/* End PBXResourcesBuildPhase section */

/* Begin PBXSourcesBuildPhase section */
		A4535DD52B761BE3003C657C /* Sources */ = {
			isa = PBXSourcesBuildPhase;
			buildActionMask = 2147483647;
			files = (
				A4535DDF2B761BE3003C657C /* ContentView.swift in Sources */,
				A4C4B1ED2B834B6000DC4D00 /* Date.swift in Sources */,
				A4CBF4D32B7E345D001C64D2 /* Images.swift in Sources */,
				A4CBF4C92B7D221C001C64D2 /* AllMovieView.swift in Sources */,
				A4C4B1F42B8496F800DC4D00 /* User.swift in Sources */,
				A4C4B1E32B7F33B600DC4D00 /* TheaterListViewModel.swift in Sources */,
				A4CBF4C22B7CFFA0001C64D2 /* Constants.swift in Sources */,
				A4CBF4BA2B7CFD27001C64D2 /* HomeView.swift in Sources */,
				A4C4B1E72B807EEA00DC4D00 /* TheaterView.swift in Sources */,
				A4CBF4C72B7D0984001C64D2 /* MoviesListView.swift in Sources */,
				A4C4B1EF2B8357FD00DC4D00 /* BookingDetailViewModel.swift in Sources */,
				A4C4B1EB2B8213D800DC4D00 /* BookingDetail.swift in Sources */,
				A4CBF4D72B7E34D3001C64D2 /* ImagesListViewModel.swift in Sources */,
				A4C4B1FF2B862A0D00DC4D00 /* LoginView.swift in Sources */,
				A4C4B1F82B84996B00DC4D00 /* UserView.swift in Sources */,
				A4CBF4B62B7CFBC1001C64D2 /* APIService.swift in Sources */,
				A4535DDD2B761BE3003C657C /* MovieBookingApp.swift in Sources */,
				A4CBF4B82B7CFC60001C64D2 /* MoviesListViewModel.swift in Sources */,
				A4CBF4C02B7CFE54001C64D2 /* PosterView.swift in Sources */,
				A4C4B1FD2B85FFF800DC4D00 /* UserManager.swift in Sources */,
				A4CBF4C52B7D00FA001C64D2 /* UIScreen.swift in Sources */,
				A4CBF4CB2B7DC95C001C64D2 /* MovieSliderView.swift in Sources */,
				A46BD2542B7CF99D00B2D172 /* Movie.swift in Sources */,
				A4C4B1E92B81FFA700DC4D00 /* BookingView.swift in Sources */,
				A46BD2592B7CFA8C00B2D172 /* MovieDetail.swift in Sources */,
				A4C4B1F62B84975900DC4D00 /* UsersViewModel.swift in Sources */,
				A4CBF4BC2B7CFD33001C64D2 /* Utils.swift in Sources */,
				A4CBF4D92B7E6F5B001C64D2 /* Cast.swift in Sources */,
				A4CBF4D12B7E158A001C64D2 /* MovieDetailViewModel.swift in Sources */,
				A4CBF4CF2B7E14E4001C64D2 /* MovieDetailView.swift in Sources */,
				A4CBF4D52B7E34B5001C64D2 /* ImageListView.swift in Sources */,
				A4CBF4BE2B7CFD42001C64D2 /* ExampleData.swift in Sources */,
				A4C4B1E12B7F333700DC4D00 /* Theater.swift in Sources */,
				A4C4B1FA2B849E9A00DC4D00 /* RegisterView.swift in Sources */,
				A4CBF4DB2B7E6FC0001C64D2 /* CastListViewModel.swift in Sources */,
				A4C4B1E52B7F362700DC4D00 /* TheaterListView.swift in Sources */,
				A4CBF4DD2B7E702E001C64D2 /* CastListView.swift in Sources */,
			);
			runOnlyForDeploymentPostprocessing = 0;
		};
/* End PBXSourcesBuildPhase section */

/* Begin XCBuildConfiguration section */
		A4535DE52B761BE5003C657C /* Debug */ = {
			isa = XCBuildConfiguration;
			buildSettings = {
				ALWAYS_SEARCH_USER_PATHS = NO;
				CLANG_ANALYZER_NONNULL = YES;
				CLANG_ANALYZER_NUMBER_OBJECT_CONVERSION = YES_AGGRESSIVE;
				CLANG_CXX_LANGUAGE_STANDARD = "gnu++20";
				CLANG_ENABLE_MODULES = YES;
				CLANG_ENABLE_OBJC_ARC = YES;
				CLANG_ENABLE_OBJC_WEAK = YES;
				CLANG_WARN_BLOCK_CAPTURE_AUTORELEASING = YES;
				CLANG_WARN_BOOL_CONVERSION = YES;
				CLANG_WARN_COMMA = YES;
				CLANG_WARN_CONSTANT_CONVERSION = YES;
				CLANG_WARN_DEPRECATED_OBJC_IMPLEMENTATIONS = YES;
				CLANG_WARN_DIRECT_OBJC_ISA_USAGE = YES_ERROR;
				CLANG_WARN_DOCUMENTATION_COMMENTS = YES;
				CLANG_WARN_EMPTY_BODY = YES;
				CLANG_WARN_ENUM_CONVERSION = YES;
				CLANG_WARN_INFINITE_RECURSION = YES;
				CLANG_WARN_INT_CONVERSION = YES;
				CLANG_WARN_NON_LITERAL_NULL_CONVERSION = YES;
				CLANG_WARN_OBJC_IMPLICIT_RETAIN_SELF = YES;
				CLANG_WARN_OBJC_LITERAL_CONVERSION = YES;
				CLANG_WARN_OBJC_ROOT_CLASS = YES_ERROR;
				CLANG_WARN_QUOTED_INCLUDE_IN_FRAMEWORK_HEADER = YES;
				CLANG_WARN_RANGE_LOOP_ANALYSIS = YES;
				CLANG_WARN_STRICT_PROTOTYPES = YES;
				CLANG_WARN_SUSPICIOUS_MOVE = YES;
				CLANG_WARN_UNGUARDED_AVAILABILITY = YES_AGGRESSIVE;
				CLANG_WARN_UNREACHABLE_CODE = YES;
				CLANG_WARN__DUPLICATE_METHOD_MATCH = YES;
				COPY_PHASE_STRIP = NO;
				DEBUG_INFORMATION_FORMAT = dwarf;
				ENABLE_STRICT_OBJC_MSGSEND = YES;
				ENABLE_TESTABILITY = YES;
				GCC_C_LANGUAGE_STANDARD = gnu11;
				GCC_DYNAMIC_NO_PIC = NO;
				GCC_NO_COMMON_BLOCKS = YES;
				GCC_OPTIMIZATION_LEVEL = 0;
				GCC_PREPROCESSOR_DEFINITIONS = (
					"DEBUG=1",
					"$(inherited)",
				);
				GCC_WARN_64_TO_32_BIT_CONVERSION = YES;
				GCC_WARN_ABOUT_RETURN_TYPE = YES_ERROR;
				GCC_WARN_UNDECLARED_SELECTOR = YES;
				GCC_WARN_UNINITIALIZED_AUTOS = YES_AGGRESSIVE;
				GCC_WARN_UNUSED_FUNCTION = YES;
				GCC_WARN_UNUSED_VARIABLE = YES;
				IPHONEOS_DEPLOYMENT_TARGET = 15.0;
				MTL_ENABLE_DEBUG_INFO = INCLUDE_SOURCE;
				MTL_FAST_MATH = YES;
				ONLY_ACTIVE_ARCH = YES;
				SDKROOT = iphoneos;
				SWIFT_ACTIVE_COMPILATION_CONDITIONS = DEBUG;
				SWIFT_OPTIMIZATION_LEVEL = "-Onone";
			};
			name = Debug;
		};
		A4535DE62B761BE5003C657C /* Release */ = {
			isa = XCBuildConfiguration;
			buildSettings = {
				ALWAYS_SEARCH_USER_PATHS = NO;
				CLANG_ANALYZER_NONNULL = YES;
				CLANG_ANALYZER_NUMBER_OBJECT_CONVERSION = YES_AGGRESSIVE;
				CLANG_CXX_LANGUAGE_STANDARD = "gnu++20";
				CLANG_ENABLE_MODULES = YES;
				CLANG_ENABLE_OBJC_ARC = YES;
				CLANG_ENABLE_OBJC_WEAK = YES;
				CLANG_WARN_BLOCK_CAPTURE_AUTORELEASING = YES;
				CLANG_WARN_BOOL_CONVERSION = YES;
				CLANG_WARN_COMMA = YES;
				CLANG_WARN_CONSTANT_CONVERSION = YES;
				CLANG_WARN_DEPRECATED_OBJC_IMPLEMENTATIONS = YES;
				CLANG_WARN_DIRECT_OBJC_ISA_USAGE = YES_ERROR;
				CLANG_WARN_DOCUMENTATION_COMMENTS = YES;
				CLANG_WARN_EMPTY_BODY = YES;
				CLANG_WARN_ENUM_CONVERSION = YES;
				CLANG_WARN_INFINITE_RECURSION = YES;
				CLANG_WARN_INT_CONVERSION = YES;
				CLANG_WARN_NON_LITERAL_NULL_CONVERSION = YES;
				CLANG_WARN_OBJC_IMPLICIT_RETAIN_SELF = YES;
				CLANG_WARN_OBJC_LITERAL_CONVERSION = YES;
				CLANG_WARN_OBJC_ROOT_CLASS = YES_ERROR;
				CLANG_WARN_QUOTED_INCLUDE_IN_FRAMEWORK_HEADER = YES;
				CLANG_WARN_RANGE_LOOP_ANALYSIS = YES;
				CLANG_WARN_STRICT_PROTOTYPES = YES;
				CLANG_WARN_SUSPICIOUS_MOVE = YES;
				CLANG_WARN_UNGUARDED_AVAILABILITY = YES_AGGRESSIVE;
				CLANG_WARN_UNREACHABLE_CODE = YES;
				CLANG_WARN__DUPLICATE_METHOD_MATCH = YES;
				COPY_PHASE_STRIP = NO;
				DEBUG_INFORMATION_FORMAT = "dwarf-with-dsym";
				ENABLE_NS_ASSERTIONS = NO;
				ENABLE_STRICT_OBJC_MSGSEND = YES;
				GCC_C_LANGUAGE_STANDARD = gnu11;
				GCC_NO_COMMON_BLOCKS = YES;
				GCC_WARN_64_TO_32_BIT_CONVERSION = YES;
				GCC_WARN_ABOUT_RETURN_TYPE = YES_ERROR;
				GCC_WARN_UNDECLARED_SELECTOR = YES;
				GCC_WARN_UNINITIALIZED_AUTOS = YES_AGGRESSIVE;
				GCC_WARN_UNUSED_FUNCTION = YES;
				GCC_WARN_UNUSED_VARIABLE = YES;
				IPHONEOS_DEPLOYMENT_TARGET = 15.0;
				MTL_ENABLE_DEBUG_INFO = NO;
				MTL_FAST_MATH = YES;
				SDKROOT = iphoneos;
				SWIFT_COMPILATION_MODE = wholemodule;
				SWIFT_OPTIMIZATION_LEVEL = "-O";
				VALIDATE_PRODUCT = YES;
			};
			name = Release;
		};
		A4535DE82B761BE5003C657C /* Debug */ = {
			isa = XCBuildConfiguration;
			buildSettings = {
				ASSETCATALOG_COMPILER_APPICON_NAME = AppIcon;
				ASSETCATALOG_COMPILER_GLOBAL_ACCENT_COLOR_NAME = AccentColor;
				CODE_SIGN_STYLE = Automatic;
				CURRENT_PROJECT_VERSION = 1;
				DEVELOPMENT_ASSET_PATHS = "\"MovieBooking/Preview Content\"";
				DEVELOPMENT_TEAM = W7C6394PMD;
				ENABLE_PREVIEWS = YES;
				GENERATE_INFOPLIST_FILE = YES;
				INFOPLIST_KEY_UIApplicationSceneManifest_Generation = YES;
				INFOPLIST_KEY_UIApplicationSupportsIndirectInputEvents = YES;
				INFOPLIST_KEY_UILaunchScreen_Generation = YES;
				INFOPLIST_KEY_UISupportedInterfaceOrientations_iPad = "UIInterfaceOrientationPortrait UIInterfaceOrientationPortraitUpsideDown UIInterfaceOrientationLandscapeLeft UIInterfaceOrientationLandscapeRight";
				INFOPLIST_KEY_UISupportedInterfaceOrientations_iPhone = "UIInterfaceOrientationPortrait UIInterfaceOrientationLandscapeLeft UIInterfaceOrientationLandscapeRight";
				IPHONEOS_DEPLOYMENT_TARGET = 15.0;
				LD_RUNPATH_SEARCH_PATHS = (
					"$(inherited)",
					"@executable_path/Frameworks",
				);
				MARKETING_VERSION = 1.0;
				PRODUCT_BUNDLE_IDENTIFIER = com.baohieu.MovieBooking;
				PRODUCT_NAME = "$(TARGET_NAME)";
				SWIFT_EMIT_LOC_STRINGS = YES;
				SWIFT_VERSION = 5.0;
				TARGETED_DEVICE_FAMILY = "1,2";
			};
			name = Debug;
		};
		A4535DE92B761BE5003C657C /* Release */ = {
			isa = XCBuildConfiguration;
			buildSettings = {
				ASSETCATALOG_COMPILER_APPICON_NAME = AppIcon;
				ASSETCATALOG_COMPILER_GLOBAL_ACCENT_COLOR_NAME = AccentColor;
				CODE_SIGN_STYLE = Automatic;
				CURRENT_PROJECT_VERSION = 1;
				DEVELOPMENT_ASSET_PATHS = "\"MovieBooking/Preview Content\"";
				DEVELOPMENT_TEAM = W7C6394PMD;
				ENABLE_PREVIEWS = YES;
				GENERATE_INFOPLIST_FILE = YES;
				INFOPLIST_KEY_UIApplicationSceneManifest_Generation = YES;
				INFOPLIST_KEY_UIApplicationSupportsIndirectInputEvents = YES;
				INFOPLIST_KEY_UILaunchScreen_Generation = YES;
				INFOPLIST_KEY_UISupportedInterfaceOrientations_iPad = "UIInterfaceOrientationPortrait UIInterfaceOrientationPortraitUpsideDown UIInterfaceOrientationLandscapeLeft UIInterfaceOrientationLandscapeRight";
				INFOPLIST_KEY_UISupportedInterfaceOrientations_iPhone = "UIInterfaceOrientationPortrait UIInterfaceOrientationLandscapeLeft UIInterfaceOrientationLandscapeRight";
				IPHONEOS_DEPLOYMENT_TARGET = 15.0;
				LD_RUNPATH_SEARCH_PATHS = (
					"$(inherited)",
					"@executable_path/Frameworks",
				);
				MARKETING_VERSION = 1.0;
				PRODUCT_BUNDLE_IDENTIFIER = com.baohieu.MovieBooking;
				PRODUCT_NAME = "$(TARGET_NAME)";
				SWIFT_EMIT_LOC_STRINGS = YES;
				SWIFT_VERSION = 5.0;
				TARGETED_DEVICE_FAMILY = "1,2";
			};
			name = Release;
		};
/* End XCBuildConfiguration section */

/* Begin XCConfigurationList section */
		A4535DD42B761BE3003C657C /* Build configuration list for PBXProject "MovieBooking" */ = {
			isa = XCConfigurationList;
			buildConfigurations = (
				A4535DE52B761BE5003C657C /* Debug */,
				A4535DE62B761BE5003C657C /* Release */,
			);
			defaultConfigurationIsVisible = 0;
			defaultConfigurationName = Release;
		};
		A4535DE72B761BE5003C657C /* Build configuration list for PBXNativeTarget "MovieBooking" */ = {
			isa = XCConfigurationList;
			buildConfigurations = (
				A4535DE82B761BE5003C657C /* Debug */,
				A4535DE92B761BE5003C657C /* Release */,
			);
			defaultConfigurationIsVisible = 0;
			defaultConfigurationName = Release;
		};
/* End XCConfigurationList section */
	};
	rootObject = A4535DD12B761BE3003C657C /* Project object */;
}
